
Microsoft Visual Studio Solution File, Format Version 12.00
# Visual Studio Version 17
VisualStudioVersion = 17.8.34525.116
MinimumVisualStudioVersion = 10.0.40219.1
Project("{FAE04EC0-301F-11D3-BF4B-00C04F79EFBC}") = "GorbInuch", "GorbInuch.csproj", "{8A51FEA9-8D6A-4873-AE26-B6DCDA72695C}"
EndProject
Global
	GlobalSection(SolutionConfigurationPlatforms) = preSolution
		Debug|Any CPU = Debug|Any CPU
		Release|Any CPU = Release|Any CPU
	EndGlobalSection
	GlobalSection(ProjectConfigurationPlatforms) = postSolution
		{8A51FEA9-8D6A-4873-AE26-B6DCDA72695C}.Debug|Any CPU.ActiveCfg = Debug|Any CPU
		{8A51FEA9-8D6A-4873-AE26-B6DCDA72695C}.Debug|Any CPU.Build.0 = Debug|Any CPU
		{8A51FEA9-8D6A-4873-AE26-B6DCDA72695C}.Release|Any CPU.ActiveCfg = Release|Any CPU
		{8A51FEA9-8D6A-4873-AE26-B6DCDA72695C}.Release|Any CPU.Build.0 = Release|Any CPU
	EndGlobalSection
	GlobalSection(SolutionProperties) = preSolution
		HideSolutionNode = FALSE
	EndGlobalSection
	GlobalSection(ExtensibilityGlobals) = postSolution
		SolutionGuid = {CBBE5FAE-A9E2-4989-8C5A-6A5C3996ABDF}
	EndGlobalSection
EndGlobal
